# This is a Gradle generated file for dependency locking.
# Manual edits can break the build and are not advised.
# This file is expected to be part of source control.
androidx.databinding:databinding-common:4.0.2=compileClasspath,compileOnlyDependenciesMetadata,testCompileClasspath,testImplementationDependenciesMetadata,testRuntimeClasspath
androidx.databinding:databinding-compiler-common:4.0.2=compileClasspath,compileOnlyDependenciesMetadata,testCompileClasspath,testImplementationDependenciesMetadata,testRuntimeClasspath
com.android.databinding:baseLibrary:4.0.2=compileClasspath,compileOnlyDependenciesMetadata,testCompileClasspath,testImplementationDependenciesMetadata,testRuntimeClasspath
com.android.tools.analytics-library:crash:27.0.2=compileClasspath,compileOnlyDependenciesMetadata,testCompileClasspath,testImplementationDependenciesMetadata,testRuntimeClasspath
com.android.tools.analytics-library:protos:27.0.2=compileClasspath,compileOnlyDependenciesMetadata,testCompileClasspath,testImplementationDependenciesMetadata,testRuntimeClasspath
com.android.tools.analytics-library:shared:27.0.2=compileClasspath,compileOnlyDependenciesMetadata,testCompileClasspath,testImplementationDependenciesMetadata,testRuntimeClasspath
com.android.tools.analytics-library:tracker:27.0.2=compileClasspath,compileOnlyDependenciesMetadata,testCompileClasspath,testImplementationDependenciesMetadata,testRuntimeClasspath
com.android.tools.build.jetifier:jetifier-core:1.0.0-beta09=compileClasspath,compileOnlyDependenciesMetadata,testCompileClasspath,testImplementationDependenciesMetadata,testRuntimeClasspath
com.android.tools.build.jetifier:jetifier-processor:1.0.0-beta09=compileClasspath,compileOnlyDependenciesMetadata,testCompileClasspath,testImplementationDependenciesMetadata,testRuntimeClasspath
com.android.tools.build:aapt2-proto:4.0.2-6197926=compileClasspath,compileOnlyDependenciesMetadata,testCompileClasspath,testImplementationDependenciesMetadata,testRuntimeClasspath
com.android.tools.build:aaptcompiler:4.0.2=compileClasspath,compileOnlyDependenciesMetadata,testCompileClasspath,testImplementationDependenciesMetadata,testRuntimeClasspath
com.android.tools.build:apksig:4.0.2=compileClasspath,compileOnlyDependenciesMetadata,testCompileClasspath,testImplementationDependenciesMetadata,testRuntimeClasspath
com.android.tools.build:apkzlib:4.0.2=compileClasspath,compileOnlyDependenciesMetadata,testCompileClasspath,testImplementationDependenciesMetadata,testRuntimeClasspath
com.android.tools.build:builder-model:4.0.2=compileClasspath,compileOnlyDependenciesMetadata,testCompileClasspath,testImplementationDependenciesMetadata,testRuntimeClasspath
com.android.tools.build:builder-test-api:4.0.2=compileClasspath,compileOnlyDependenciesMetadata,testCompileClasspath,testImplementationDependenciesMetadata,testRuntimeClasspath
com.android.tools.build:builder:4.0.2=compileClasspath,compileOnlyDependenciesMetadata,testCompileClasspath,testImplementationDependenciesMetadata,testRuntimeClasspath
com.android.tools.build:bundletool:0.13.2=compileClasspath,compileOnlyDependenciesMetadata,testCompileClasspath,testImplementationDependenciesMetadata,testRuntimeClasspath
com.android.tools.build:gradle-api:4.0.2=compileClasspath,compileOnlyDependenciesMetadata,testCompileClasspath,testImplementationDependenciesMetadata,testRuntimeClasspath
com.android.tools.build:gradle:4.0.2=compileClasspath,compileOnlyDependenciesMetadata,testCompileClasspath,testImplementationDependenciesMetadata,testRuntimeClasspath
com.android.tools.build:manifest-merger:27.0.2=compileClasspath,compileOnlyDependenciesMetadata,testCompileClasspath,testImplementationDependenciesMetadata,testRuntimeClasspath
com.android.tools.build:transform-api:2.0.0-deprecated-use-gradle-api=compileClasspath,compileOnlyDependenciesMetadata,testCompileClasspath,testImplementationDependenciesMetadata,testRuntimeClasspath
com.android.tools.ddms:ddmlib:27.0.2=compileClasspath,compileOnlyDependenciesMetadata,testCompileClasspath,testImplementationDependenciesMetadata,testRuntimeClasspath
com.android.tools.layoutlib:layoutlib-api:27.0.2=compileClasspath,compileOnlyDependenciesMetadata,testCompileClasspath,testImplementationDependenciesMetadata,testRuntimeClasspath
com.android.tools.lint:lint-gradle-api:27.0.2=compileClasspath,compileOnlyDependenciesMetadata,testCompileClasspath,testImplementationDependenciesMetadata,testRuntimeClasspath
com.android.tools:annotations:27.0.2=compileClasspath,compileOnlyDependenciesMetadata,testCompileClasspath,testImplementationDependenciesMetadata,testRuntimeClasspath
com.android.tools:common:27.0.2=compileClasspath,compileOnlyDependenciesMetadata,testCompileClasspath,testImplementationDependenciesMetadata,testRuntimeClasspath
com.android.tools:dvlib:27.0.2=compileClasspath,compileOnlyDependenciesMetadata,testCompileClasspath,testImplementationDependenciesMetadata,testRuntimeClasspath
com.android.tools:repository:27.0.2=compileClasspath,compileOnlyDependenciesMetadata,testCompileClasspath,testImplementationDependenciesMetadata,testRuntimeClasspath
com.android.tools:sdk-common:27.0.2=compileClasspath,compileOnlyDependenciesMetadata,testCompileClasspath,testImplementationDependenciesMetadata,testRuntimeClasspath
com.android.tools:sdklib:27.0.2=compileClasspath,compileOnlyDependenciesMetadata,testCompileClasspath,testImplementationDependenciesMetadata,testRuntimeClasspath
com.android:signflinger:4.0.2=compileClasspath,compileOnlyDependenciesMetadata,testCompileClasspath,testImplementationDependenciesMetadata,testRuntimeClasspath
com.android:zipflinger:4.0.2=compileClasspath,compileOnlyDependenciesMetadata,testCompileClasspath,testImplementationDependenciesMetadata,testRuntimeClasspath
com.fasterxml.jackson.core:jackson-core:2.11.3=compileClasspath,compileOnlyDependenciesMetadata,shadowed,testCompileClasspath,testImplementationDependenciesMetadata,testRuntimeClasspath
com.google.api-client:google-api-client:1.30.11=compileClasspath,compileOnlyDependenciesMetadata,shadowed,testCompileClasspath,testImplementationDependenciesMetadata,testRuntimeClasspath
com.google.api.grpc:proto-google-common-protos:1.18.1=compileClasspath,compileOnlyDependenciesMetadata,shadowed,testCompileClasspath,testImplementationDependenciesMetadata,testRuntimeClasspath
com.google.api.grpc:proto-google-iam-v1:1.0.0=compileClasspath,compileOnlyDependenciesMetadata,shadowed,testCompileClasspath,testImplementationDependenciesMetadata,testRuntimeClasspath
com.google.api:api-common:1.10.0=compileClasspath,compileOnlyDependenciesMetadata,shadowed,testCompileClasspath,testImplementationDependenciesMetadata,testRuntimeClasspath
com.google.api:gax-httpjson:0.75.2=compileClasspath,compileOnlyDependenciesMetadata,shadowed,testCompileClasspath,testImplementationDependenciesMetadata,testRuntimeClasspath
com.google.api:gax:1.58.2=compileClasspath,compileOnlyDependenciesMetadata,shadowed,testCompileClasspath,testImplementationDependenciesMetadata,testRuntimeClasspath
com.google.apis:google-api-services-storage:v1-rev20200814-1.30.10=compileClasspath,compileOnlyDependenciesMetadata,shadowed,testCompileClasspath,testImplementationDependenciesMetadata,testRuntimeClasspath
com.google.apis:google-api-services-testing:v1-rev20201001-1.30.10=compileClasspath,compileOnlyDependenciesMetadata,shadowed,testCompileClasspath,testImplementationDependenciesMetadata,testRuntimeClasspath
com.google.apis:google-api-services-toolresults:v1beta3-rev20200513-1.30.9=compileClasspath,compileOnlyDependenciesMetadata,shadowed,testCompileClasspath,testImplementationDependenciesMetadata,testRuntimeClasspath
com.google.auth:google-auth-library-credentials:0.22.0=compileClasspath,compileOnlyDependenciesMetadata,shadowed,testCompileClasspath,testImplementationDependenciesMetadata,testRuntimeClasspath
com.google.auth:google-auth-library-oauth2-http:0.22.0=compileClasspath,compileOnlyDependenciesMetadata,shadowed,testCompileClasspath,testImplementationDependenciesMetadata,testRuntimeClasspath
com.google.auto.value:auto-value-annotations:1.7.4=compileClasspath,compileOnlyDependenciesMetadata,shadowed,testCompileClasspath,testImplementationDependenciesMetadata,testRuntimeClasspath
com.google.cloud:google-cloud-core-http:1.93.8=compileClasspath,compileOnlyDependenciesMetadata,shadowed,testCompileClasspath,testImplementationDependenciesMetadata,testRuntimeClasspath
com.google.cloud:google-cloud-core:1.93.8=compileClasspath,compileOnlyDependenciesMetadata,shadowed,testCompileClasspath,testImplementationDependenciesMetadata,testRuntimeClasspath
com.google.cloud:google-cloud-storage:1.113.1=compileClasspath,compileOnlyDependenciesMetadata,shadowed,testCompileClasspath,testImplementationDependenciesMetadata,testRuntimeClasspath
com.google.code.findbugs:jsr305:3.0.2=compileClasspath,compileOnlyDependenciesMetadata,shadowed,testCompileClasspath,testImplementationDependenciesMetadata,testRuntimeClasspath
com.google.code.gson:gson:2.8.6=compileClasspath,compileOnlyDependenciesMetadata,shadowed,testCompileClasspath,testImplementationDependenciesMetadata,testRuntimeClasspath
com.google.crypto.tink:tink:1.3.0-rc2=compileClasspath,compileOnlyDependenciesMetadata,testCompileClasspath,testImplementationDependenciesMetadata,testRuntimeClasspath
com.google.errorprone:error_prone_annotations:2.3.4=compileClasspath,compileOnlyDependenciesMetadata,shadowed,testCompileClasspath,testImplementationDependenciesMetadata,testRuntimeClasspath
com.google.guava:failureaccess:1.0.1=compileClasspath,compileOnlyDependenciesMetadata,shadowed,testCompileClasspath,testImplementationDependenciesMetadata,testRuntimeClasspath
com.google.guava:guava:29.0-android=compileClasspath,compileOnlyDependenciesMetadata,shadowed,testCompileClasspath,testImplementationDependenciesMetadata,testRuntimeClasspath
com.google.guava:listenablefuture:9999.0-empty-to-avoid-conflict-with-guava=compileClasspath,compileOnlyDependenciesMetadata,shadowed,testCompileClasspath,testImplementationDependenciesMetadata,testRuntimeClasspath
com.google.http-client:google-http-client-appengine:1.36.0=compileClasspath,compileOnlyDependenciesMetadata,shadowed,testCompileClasspath,testImplementationDependenciesMetadata,testRuntimeClasspath
com.google.http-client:google-http-client-jackson2:1.37.0=compileClasspath,compileOnlyDependenciesMetadata,shadowed,testCompileClasspath,testImplementationDependenciesMetadata,testRuntimeClasspath
com.google.http-client:google-http-client:1.37.0=compileClasspath,compileOnlyDependenciesMetadata,shadowed,testCompileClasspath,testImplementationDependenciesMetadata,testRuntimeClasspath
com.google.j2objc:j2objc-annotations:1.3=compileClasspath,compileOnlyDependenciesMetadata,shadowed,testCompileClasspath,testImplementationDependenciesMetadata,testRuntimeClasspath
com.google.jimfs:jimfs:1.1=compileClasspath,compileOnlyDependenciesMetadata,testCompileClasspath,testImplementationDependenciesMetadata,testRuntimeClasspath
com.google.oauth-client:google-oauth-client:1.31.1=compileClasspath,compileOnlyDependenciesMetadata,shadowed,testCompileClasspath,testImplementationDependenciesMetadata,testRuntimeClasspath
com.google.protobuf:protobuf-java-util:3.13.0=compileClasspath,compileOnlyDependenciesMetadata,shadowed,testCompileClasspath,testImplementationDependenciesMetadata,testRuntimeClasspath
com.google.protobuf:protobuf-java:3.13.0=compileClasspath,compileOnlyDependenciesMetadata,shadowed,testCompileClasspath,testImplementationDependenciesMetadata,testRuntimeClasspath
com.googlecode.json-simple:json-simple:1.1=compileClasspath,compileOnlyDependenciesMetadata,testCompileClasspath,testImplementationDependenciesMetadata,testRuntimeClasspath
com.googlecode.juniversalchardet:juniversalchardet:1.0.3=compileClasspath,compileOnlyDependenciesMetadata,testCompileClasspath,testImplementationDependenciesMetadata,testRuntimeClasspath
com.natpryce:hamkrest:1.8.0.1=testCompileClasspath,testImplementationDependenciesMetadata,testRuntimeClasspath
com.squareup:javapoet:1.10.0=compileClasspath,compileOnlyDependenciesMetadata,testCompileClasspath,testImplementationDependenciesMetadata,testRuntimeClasspath
com.squareup:javawriter:2.5.0=compileClasspath,compileOnlyDependenciesMetadata,testCompileClasspath,testImplementationDependenciesMetadata,testRuntimeClasspath
com.sun.activation:javax.activation:1.2.0=compileClasspath,compileOnlyDependenciesMetadata,testCompileClasspath,testImplementationDependenciesMetadata,testRuntimeClasspath
com.sun.istack:istack-commons-runtime:3.0.7=compileClasspath,compileOnlyDependenciesMetadata,testCompileClasspath,testImplementationDependenciesMetadata,testRuntimeClasspath
com.sun.xml.fastinfoset:FastInfoset:1.2.15=compileClasspath,compileOnlyDependenciesMetadata,testCompileClasspath,testImplementationDependenciesMetadata,testRuntimeClasspath
commons-codec:commons-codec:1.11=compileClasspath,compileOnlyDependenciesMetadata,shadowed,testCompileClasspath,testImplementationDependenciesMetadata,testRuntimeClasspath
commons-io:commons-io:2.4=compileClasspath,compileOnlyDependenciesMetadata,testCompileClasspath,testImplementationDependenciesMetadata,testRuntimeClasspath
commons-logging:commons-logging:1.2=compileClasspath,compileOnlyDependenciesMetadata,shadowed,testCompileClasspath,testImplementationDependenciesMetadata,testRuntimeClasspath
io.grpc:grpc-context:1.31.1=compileClasspath,compileOnlyDependenciesMetadata,shadowed,testCompileClasspath,testImplementationDependenciesMetadata,testRuntimeClasspath
io.opencensus:opencensus-api:0.24.0=compileClasspath,compileOnlyDependenciesMetadata,shadowed,testCompileClasspath,testImplementationDependenciesMetadata,testRuntimeClasspath
io.opencensus:opencensus-contrib-http-util:0.24.0=compileClasspath,compileOnlyDependenciesMetadata,shadowed,testCompileClasspath,testImplementationDependenciesMetadata,testRuntimeClasspath
it.unimi.dsi:fastutil:7.2.0=compileClasspath,compileOnlyDependenciesMetadata,testCompileClasspath,testImplementationDependenciesMetadata,testRuntimeClasspath
javax.activation:javax.activation-api:1.2.0=compileClasspath,compileOnlyDependenciesMetadata,testCompileClasspath,testImplementationDependenciesMetadata,testRuntimeClasspath
javax.annotation:javax.annotation-api:1.3.2=compileClasspath,compileOnlyDependenciesMetadata,shadowed,testCompileClasspath,testImplementationDependenciesMetadata,testRuntimeClasspath
javax.inject:javax.inject:1=compileClasspath,compileOnlyDependenciesMetadata,testCompileClasspath,testImplementationDependenciesMetadata,testRuntimeClasspath
javax.xml.bind:jaxb-api:2.3.1=compileClasspath,compileOnlyDependenciesMetadata,testCompileClasspath,testImplementationDependenciesMetadata,testRuntimeClasspath
junit:junit:4.13.1=testCompileClasspath,testImplementationDependenciesMetadata,testRuntimeClasspath
net.sf.jopt-simple:jopt-simple:4.9=compileClasspath,compileOnlyDependenciesMetadata,testCompileClasspath,testImplementationDependenciesMetadata,testRuntimeClasspath
net.sf.kxml:kxml2:2.3.0=compileClasspath,compileOnlyDependenciesMetadata,testCompileClasspath,testImplementationDependenciesMetadata,testRuntimeClasspath
net.sf.proguard:proguard-base:6.0.3=compileClasspath,compileOnlyDependenciesMetadata,testCompileClasspath,testImplementationDependenciesMetadata,testRuntimeClasspath
net.sf.proguard:proguard-gradle:6.0.3=compileClasspath,compileOnlyDependenciesMetadata,testCompileClasspath,testImplementationDependenciesMetadata,testRuntimeClasspath
org.antlr:antlr4:4.5.3=compileClasspath,compileOnlyDependenciesMetadata,testCompileClasspath,testImplementationDependenciesMetadata,testRuntimeClasspath
org.apache.commons:commons-compress:1.12=compileClasspath,compileOnlyDependenciesMetadata,testCompileClasspath,testImplementationDependenciesMetadata,testRuntimeClasspath
org.apache.httpcomponents:httpclient:4.5.13=compileClasspath,compileOnlyDependenciesMetadata,shadowed,testCompileClasspath,testImplementationDependenciesMetadata,testRuntimeClasspath
org.apache.httpcomponents:httpcore:4.4.13=compileClasspath,compileOnlyDependenciesMetadata,shadowed,testCompileClasspath,testImplementationDependenciesMetadata,testRuntimeClasspath
org.apache.httpcomponents:httpmime:4.5.6=compileClasspath,compileOnlyDependenciesMetadata,testCompileClasspath,testImplementationDependenciesMetadata,testRuntimeClasspath
org.bouncycastle:bcpkix-jdk15on:1.56=compileClasspath,compileOnlyDependenciesMetadata,testCompileClasspath,testImplementationDependenciesMetadata,testRuntimeClasspath
org.bouncycastle:bcprov-jdk15on:1.56=compileClasspath,compileOnlyDependenciesMetadata,testCompileClasspath,testImplementationDependenciesMetadata,testRuntimeClasspath
org.checkerframework:checker-compat-qual:2.5.5=compileClasspath,compileOnlyDependenciesMetadata,shadowed,testCompileClasspath,testImplementationDependenciesMetadata,testRuntimeClasspath
org.glassfish.jaxb:jaxb-runtime:2.3.1=compileClasspath,compileOnlyDependenciesMetadata,testCompileClasspath,testImplementationDependenciesMetadata,testRuntimeClasspath
org.glassfish.jaxb:txw2:2.3.1=compileClasspath,compileOnlyDependenciesMetadata,testCompileClasspath,testImplementationDependenciesMetadata,testRuntimeClasspath
org.hamcrest:hamcrest-core:1.3=testCompileClasspath,testImplementationDependenciesMetadata,testRuntimeClasspath
org.jdom:jdom2:2.0.6=compileClasspath,compileOnlyDependenciesMetadata,testCompileClasspath,testImplementationDependenciesMetadata,testRuntimeClasspath
org.jetbrains.dokka:dokka-fatjar:0.10.1=dokkaRuntime
org.jetbrains.intellij.deps:trove4j:1.0.20181211=kotlinCompilerClasspath
org.jetbrains.kotlin:kotlin-compiler-embeddable:1.3.72=kotlinCompilerClasspath
org.jetbrains.kotlin:kotlin-daemon-embeddable:1.3.72=kotlinCompilerClasspath
org.jetbrains.kotlin:kotlin-gradle-plugin-api:1.3.72=kotlinCompilerPluginClasspath
org.jetbrains.kotlin:kotlin-gradle-plugin-model:1.3.72=kotlinCompilerPluginClasspath
org.jetbrains.kotlin:kotlin-native-utils:1.3.72=kotlinCompilerPluginClasspath
org.jetbrains.kotlin:kotlin-reflect:1.3.72=compileClasspath,compileOnlyDependenciesMetadata,embeddedKotlin,kotlinCompilerClasspath,testCompileClasspath,testImplementationDependenciesMetadata,testRuntimeClasspath
org.jetbrains.kotlin:kotlin-sam-with-receiver:1.3.72=kotlinCompilerPluginClasspath
org.jetbrains.kotlin:kotlin-script-runtime:1.3.72=kotlinCompilerClasspath,kotlinCompilerPluginClasspath
org.jetbrains.kotlin:kotlin-scripting-common:1.3.72=kotlinCompilerPluginClasspath
org.jetbrains.kotlin:kotlin-scripting-compiler-embeddable:1.3.72=kotlinCompilerPluginClasspath
org.jetbrains.kotlin:kotlin-scripting-compiler-impl-embeddable:1.3.72=kotlinCompilerPluginClasspath
org.jetbrains.kotlin:kotlin-scripting-jvm:1.3.72=kotlinCompilerPluginClasspath
org.jetbrains.kotlin:kotlin-serialization-unshaded:1.3.72=kotlinNativeCompilerPluginClasspath
org.jetbrains.kotlin:kotlin-serialization:1.3.72=kotlinCompilerPluginClasspath
org.jetbrains.kotlin:kotlin-stdlib-common:1.3.72=embeddedKotlin,kotlinCompilerClasspath,kotlinCompilerPluginClasspath
org.jetbrains.kotlin:kotlin-stdlib-jdk7:1.3.72=embeddedKotlin
org.jetbrains.kotlin:kotlin-stdlib-jdk8:1.3.72=embeddedKotlin
org.jetbrains.kotlin:kotlin-stdlib:1.3.72=embeddedKotlin,kotlinCompilerClasspath,kotlinCompilerPluginClasspath
org.jetbrains.kotlin:kotlin-util-io:1.3.72=kotlinCompilerPluginClasspath
org.jetbrains.kotlinx:kotlinx-coroutines-core:1.2.1=kotlinCompilerPluginClasspath
org.jetbrains.kotlinx:kotlinx-serialization-runtime:0.20.0=compileClasspath,compileOnlyDependenciesMetadata,shadowed,testCompileClasspath,testImplementationDependenciesMetadata,testRuntimeClasspath
org.jetbrains.trove4j:trove4j:20160824=compileClasspath,compileOnlyDependenciesMetadata,testCompileClasspath,testImplementationDependenciesMetadata,testRuntimeClasspath
org.jetbrains:annotations:13.0=embeddedKotlin,kotlinCompilerClasspath,kotlinCompilerPluginClasspath
org.json:json:20180813=compileClasspath,compileOnlyDependenciesMetadata,testCompileClasspath,testImplementationDependenciesMetadata,testRuntimeClasspath
org.jvnet.staxex:stax-ex:1.8=compileClasspath,compileOnlyDependenciesMetadata,testCompileClasspath,testImplementationDependenciesMetadata,testRuntimeClasspath
org.ow2.asm:asm-analysis:7.0=compileClasspath,compileOnlyDependenciesMetadata,testCompileClasspath,testImplementationDependenciesMetadata,testRuntimeClasspath
org.ow2.asm:asm-commons:7.0=compileClasspath,compileOnlyDependenciesMetadata,testCompileClasspath,testImplementationDependenciesMetadata,testRuntimeClasspath
org.ow2.asm:asm-tree:7.0=compileClasspath,compileOnlyDependenciesMetadata,testCompileClasspath,testImplementationDependenciesMetadata,testRuntimeClasspath
org.ow2.asm:asm-util:7.0=compileClasspath,compileOnlyDependenciesMetadata,testCompileClasspath,testImplementationDependenciesMetadata,testRuntimeClasspath
org.ow2.asm:asm:7.0=compileClasspath,compileOnlyDependenciesMetadata,testCompileClasspath,testImplementationDependenciesMetadata,testRuntimeClasspath
org.threeten:threetenbp:1.4.4=compileClasspath,compileOnlyDependenciesMetadata,shadowed,testCompileClasspath,testImplementationDependenciesMetadata,testRuntimeClasspath
empty=annotationProcessor,apiDependenciesMetadata,implementationDependenciesMetadata,kotlinScriptDef,kotlinScriptDefExtensions,runtimeClasspath,runtimeOnlyDependenciesMetadata,shadow,testAnnotationProcessor,testApiDependenciesMetadata,testCompileOnlyDependenciesMetadata,testKotlinScriptDef,testKotlinScriptDefExtensions,testRuntimeOnlyDependenciesMetadata
